# This file is automatically @generated by Cargo.
# It is not intended for manual editing.
version = 4

[[package]]
name = "amx-automation"
version = "0.1.0"
dependencies = [
 "amx-core",
 "amx-store",
]

[[package]]
name = "amx-cli"
version = "0.1.0"
dependencies = [
 "amx-core",
 "amx-mcp",
]

[[package]]
name = "amx-compose"
version = "0.1.0"
dependencies = [
 "amx-core",
]

[[package]]
name = "amx-core"
version = "0.1.0"

[[package]]
name = "amx-index"
version = "0.1.0"
dependencies = [
 "amx-core",
]

[[package]]
name = "amx-mcp"
version = "0.1.0"
dependencies = [
 "amx-core",
 "amx-index",
]

[[package]]
name = "amx-parse"
version = "0.1.0"
dependencies = [
 "amx-core",
]

[[package]]
name = "amx-send"
version = "0.1.0"
dependencies = [
 "amx-compose",
 "amx-core",
]

[[package]]
name = "amx-store"
version = "0.1.0"
dependencies = [
 "amx-core",
]
